NeoBundleLock editorconfig-vim a459b8cfef00100da40fd69c8ae92c4d1e63e1d2
NeoBundleLock neobundle.vim 9c62a8fcf9eb42d3956c703943c99f06a63112e6
NeoBundleLock nerdtree 4428aba2a299cbd117c80e7d18068b2cbb222fff
NeoBundleLock seiya.vim d2406e8b52b8df7ac0e40ef8f5f01cf105e15c0c
NeoBundleLock vim-indent-guides 018298ead9d3aa9cd3b4ae222f81022a33978b09
NeoBundleLock wombat256.vim 8734ba45dcf5e38c4d2686b35c94f9fcb30427e2
